// !$*UTF8*$!
{
	archiveVersion = 1;
	classes = {
	};
	objectVersion = 77;
	objects = {

/* Begin PBXBuildFile section */
		7833E8C42EDACA56004D188F /* GAMERUNNING.swift in Sources */ = {isa = PBXBuildFile; fileRef = 7833E89A2EDACA56004D188F /* GAMERUNNING.swift */; };
		7833E8C52EDACA56004D188F /* Untitled.swift in Sources */ = {isa = PBXBuildFile; fileRef = 7833E8C12EDACA56004D188F /* Untitled.swift */; };
		7833E8C62EDACA56004D188F /* SJCC_View.swift in Sources */ = {isa = PBXBuildFile; fileRef = 7833E8AF2EDACA56004D188F /* SJCC_View.swift */; };
		7833E8C72EDACA56004D188F /* Communications.swift in Sources */ = {isa = PBXBuildFile; fileRef = 7833E8942EDACA56004D188F /* Communications.swift */; };
		7833E8C82EDACA56004D188F /* Society_Variables.swift in Sources */ = {isa = PBXBuildFile; fileRef = 7833E8BD2EDACA56004D188F /* Society_Variables.swift */; };
		7833E8C92EDACA56004D188F /* Society_Main.swift in Sources */ = {isa = PBXBuildFile; fileRef = 7833E8B72EDACA56004D188F /* Society_Main.swift */; };
		7833E8CA2EDACA56004D188F /* Prez_Action_View.swift in Sources */ = {isa = PBXBuildFile; fileRef = 7833E8AB2EDACA56004D188F /* Prez_Action_View.swift */; };
		7833E8CB2EDACA56004D188F /* In_Game_Manager.swift in Sources */ = {isa = PBXBuildFile; fileRef = 7833E8A02EDACA56004D188F /* In_Game_Manager.swift */; };
		7833E8CD2EDACA56004D188F /* ExecutiveOrders.swift in Sources */ = {isa = PBXBuildFile; fileRef = 7833E8992EDACA56004D188F /* ExecutiveOrders.swift */; };
		7833E8CE2EDACA56004D188F /* Education_View.swift in Sources */ = {isa = PBXBuildFile; fileRef = 7833E8982EDACA56004D188F /* Education_View.swift */; };
		7833E8CF2EDACA56004D188F /* Society_Propose_Promise.swift in Sources */ = {isa = PBXBuildFile; fileRef = 7833E8BA2EDACA56004D188F /* Society_Propose_Promise.swift */; };
		7833E8D02EDACA56004D188F /* PubHealth_View.swift in Sources */ = {isa = PBXBuildFile; fileRef = 7833E8AD2EDACA56004D188F /* PubHealth_View.swift */; };
		7833E8D12EDACA56004D188F /* Society_Voting_Phase.swift in Sources */ = {isa = PBXBuildFile; fileRef = 7833E8BE2EDACA56004D188F /* Society_Voting_Phase.swift */; };
		7833E8D22EDACA56004D188F /* Society_Promises_View.swift in Sources */ = {isa = PBXBuildFile; fileRef = 7833E8B92EDACA56004D188F /* Society_Promises_View.swift */; };
		7833E8D32EDACA56004D188F /* ConstructionScreen.swift in Sources */ = {isa = PBXBuildFile; fileRef = 7833E8972EDACA56004D188F /* ConstructionScreen.swift */; };
		7833E8D42EDACA56004D188F /* Construction_View.swift in Sources */ = {isa = PBXBuildFile; fileRef = 7833E8952EDACA56004D188F /* Construction_View.swift */; };
		7833E8D52EDACA56004D188F /* Agriculture_View.swift in Sources */ = {isa = PBXBuildFile; fileRef = 7833E88C2EDACA56004D188F /* Agriculture_View.swift */; };
		7833E8D62EDACA56004D188F /* Inbox.swift in Sources */ = {isa = PBXBuildFile; fileRef = 7833E8A12EDACA56004D188F /* Inbox.swift */; };
		7833E8D82EDACA56004D188F /* ConstructionBuilding.swift in Sources */ = {isa = PBXBuildFile; fileRef = 7833E8962EDACA56004D188F /* ConstructionBuilding.swift */; };
		7833E8D92EDACA56004D188F /* Transportation_View.swift in Sources */ = {isa = PBXBuildFile; fileRef = 7833E8BF2EDACA56004D188F /* Transportation_View.swift */; };
		7833E8DA2EDACA56004D188F /* Society_Panel.swift in Sources */ = {isa = PBXBuildFile; fileRef = 7833E8B82EDACA56004D188F /* Society_Panel.swift */; };
		7833E8DB2EDACA56004D188F /* CommScreenRunning.swift in Sources */ = {isa = PBXBuildFile; fileRef = 7833E8932EDACA56004D188F /* CommScreenRunning.swift */; };
		7833E8DC2EDACA56004D188F /* Society_Summary_Phase.swift in Sources */ = {isa = PBXBuildFile; fileRef = 7833E8BC2EDACA56004D188F /* Society_Summary_Phase.swift */; };
		7833E8DD2EDACA56004D188F /* Campaigning_Phase.swift in Sources */ = {isa = PBXBuildFile; fileRef = 7833E88F2EDACA56004D188F /* Campaigning_Phase.swift */; };
		7833E8DE2EDACA56004D188F /* Pres_View.swift in Sources */ = {isa = PBXBuildFile; fileRef = 7833E8AA2EDACA56004D188F /* Pres_View.swift */; };
		7833E8DF2EDACA56004D188F /* LOCALROOMsetup.swift in Sources */ = {isa = PBXBuildFile; fileRef = 7833E8A92EDACA56004D188F /* LOCALROOMsetup.swift */; };
		7833E8E02EDACA56004D188F /* GameState.swift in Sources */ = {isa = PBXBuildFile; fileRef = 7833E89B2EDACA56004D188F /* GameState.swift */; };
		7833E8E12EDACA56004D188F /* PROFILE.swift in Sources */ = {isa = PBXBuildFile; fileRef = 7833E8AC2EDACA56004D188F /* PROFILE.swift */; };
		7833E8E22EDACA56004D188F /* Labor_View.swift in Sources */ = {isa = PBXBuildFile; fileRef = 7833E8A82EDACA56004D188F /* Labor_View.swift */; };
		7833E8E32EDACA56004D188F /* Treasury_View.swift in Sources */ = {isa = PBXBuildFile; fileRef = 7833E8C02EDACA56004D188F /* Treasury_View.swift */; };
		7833E8E42EDACA56004D188F /* HOMEview.swift in Sources */ = {isa = PBXBuildFile; fileRef = 7833E89E2EDACA56004D188F /* HOMEview.swift */; };
		7833E8E52EDACA56004D188F /* CampaignCommOnly.swift in Sources */ = {isa = PBXBuildFile; fileRef = 7833E88E2EDACA56004D188F /* CampaignCommOnly.swift */; };
		7833E8E62EDACA56004D188F /* In_Game_Def.swift in Sources */ = {isa = PBXBuildFile; fileRef = 7833E89F2EDACA56004D188F /* In_Game_Def.swift */; };
		7833E8E72EDACA56004D188F /* Society_Rally_View.swift in Sources */ = {isa = PBXBuildFile; fileRef = 7833E8BB2EDACA56004D188F /* Society_Rally_View.swift */; };
		7833E8E92EDACA56004D188F /* ResourceAllo_View.swift in Sources */ = {isa = PBXBuildFile; fileRef = 7833E8AE2EDACA56004D188F /* ResourceAllo_View.swift */; };
		7833E8ED2EDACA56004D188F /* Assets.xcassets in Resources */ = {isa = PBXBuildFile; fileRef = 7833E88D2EDACA56004D188F /* Assets.xcassets */; };
/* End PBXBuildFile section */

/* Begin PBXContainerItemProxy section */
		78925E772E8913DE002C84F3 /* PBXContainerItemProxy */ = {
			isa = PBXContainerItemProxy;
			containerPortal = 78925E602E8913DD002C84F3 /* Project object */;
			proxyType = 1;
			remoteGlobalIDString = 78925E672E8913DD002C84F3;
			remoteInfo = "Society Game";
		};
		78925E812E8913DE002C84F3 /* PBXContainerItemProxy */ = {
			isa = PBXContainerItemProxy;
			containerPortal = 78925E602E8913DD002C84F3 /* Project object */;
			proxyType = 1;
			remoteGlobalIDString = 78925E672E8913DD002C84F3;
			remoteInfo = "Society Game";
		};
/* End PBXContainerItemProxy section */

/* Begin PBXFileReference section */
		7833E88C2EDACA56004D188F /* Agriculture_View.swift */ = {isa = PBXFileReference; lastKnownFileType = sourcecode.swift; path = Agriculture_View.swift; sourceTree = "<group>"; };
		7833E88D2EDACA56004D188F /* Assets.xcassets */ = {isa = PBXFileReference; lastKnownFileType = folder.assetcatalog; path = Assets.xcassets; sourceTree = "<group>"; };
		7833E88E2EDACA56004D188F /* CampaignCommOnly.swift */ = {isa = PBXFileReference; lastKnownFileType = sourcecode.swift; path = CampaignCommOnly.swift; sourceTree = "<group>"; };
		7833E88F2EDACA56004D188F /* Campaigning_Phase.swift */ = {isa = PBXFileReference; lastKnownFileType = sourcecode.swift; path = Campaigning_Phase.swift; sourceTree = "<group>"; };
		7833E8932EDACA56004D188F /* CommScreenRunning.swift */ = {isa = PBXFileReference; lastKnownFileType = sourcecode.swift; path = CommScreenRunning.swift; sourceTree = "<group>"; };
		7833E8942EDACA56004D188F /* Communications.swift */ = {isa = PBXFileReference; lastKnownFileType = sourcecode.swift; path = Communications.swift; sourceTree = "<group>"; };
		7833E8952EDACA56004D188F /* Construction_View.swift */ = {isa = PBXFileReference; lastKnownFileType = sourcecode.swift; path = Construction_View.swift; sourceTree = "<group>"; };
		7833E8962EDACA56004D188F /* ConstructionBuilding.swift */ = {isa = PBXFileReference; lastKnownFileType = sourcecode.swift; path = ConstructionBuilding.swift; sourceTree = "<group>"; };
		7833E8972EDACA56004D188F /* ConstructionScreen.swift */ = {isa = PBXFileReference; lastKnownFileType = sourcecode.swift; path = ConstructionScreen.swift; sourceTree = "<group>"; };
		7833E8982EDACA56004D188F /* Education_View.swift */ = {isa = PBXFileReference; lastKnownFileType = sourcecode.swift; path = Education_View.swift; sourceTree = "<group>"; };
		7833E8992EDACA56004D188F /* ExecutiveOrders.swift */ = {isa = PBXFileReference; lastKnownFileType = sourcecode.swift; path = ExecutiveOrders.swift; sourceTree = "<group>"; };
		7833E89A2EDACA56004D188F /* GAMERUNNING.swift */ = {isa = PBXFileReference; lastKnownFileType = sourcecode.swift; path = GAMERUNNING.swift; sourceTree = "<group>"; };
		7833E89B2EDACA56004D188F /* GameState.swift */ = {isa = PBXFileReference; lastKnownFileType = sourcecode.swift; path = GameState.swift; sourceTree = "<group>"; };
		7833E89E2EDACA56004D188F /* HOMEview.swift */ = {isa = PBXFileReference; lastKnownFileType = sourcecode.swift; path = HOMEview.swift; sourceTree = "<group>"; };
		7833E89F2EDACA56004D188F /* In_Game_Def.swift */ = {isa = PBXFileReference; lastKnownFileType = sourcecode.swift; path = In_Game_Def.swift; sourceTree = "<group>"; };
		7833E8A02EDACA56004D188F /* In_Game_Manager.swift */ = {isa = PBXFileReference; lastKnownFileType = sourcecode.swift; path = In_Game_Manager.swift; sourceTree = "<group>"; };
		7833E8A12EDACA56004D188F /* Inbox.swift */ = {isa = PBXFileReference; lastKnownFileType = sourcecode.swift; path = Inbox.swift; sourceTree = "<group>"; };
		7833E8A82EDACA56004D188F /* Labor_View.swift */ = {isa = PBXFileReference; lastKnownFileType = sourcecode.swift; path = Labor_View.swift; sourceTree = "<group>"; };
		7833E8A92EDACA56004D188F /* LOCALROOMsetup.swift */ = {isa = PBXFileReference; lastKnownFileType = sourcecode.swift; path = LOCALROOMsetup.swift; sourceTree = "<group>"; };
		7833E8AA2EDACA56004D188F /* Pres_View.swift */ = {isa = PBXFileReference; lastKnownFileType = sourcecode.swift; path = Pres_View.swift; sourceTree = "<group>"; };
		7833E8AB2EDACA56004D188F /* Prez_Action_View.swift */ = {isa = PBXFileReference; lastKnownFileType = sourcecode.swift; path = Prez_Action_View.swift; sourceTree = "<group>"; };
		7833E8AC2EDACA56004D188F /* PROFILE.swift */ = {isa = PBXFileReference; lastKnownFileType = sourcecode.swift; path = PROFILE.swift; sourceTree = "<group>"; };
		7833E8AD2EDACA56004D188F /* PubHealth_View.swift */ = {isa = PBXFileReference; lastKnownFileType = sourcecode.swift; path = PubHealth_View.swift; sourceTree = "<group>"; };
		7833E8AE2EDACA56004D188F /* ResourceAllo_View.swift */ = {isa = PBXFileReference; lastKnownFileType = sourcecode.swift; path = ResourceAllo_View.swift; sourceTree = "<group>"; };
		7833E8AF2EDACA56004D188F /* SJCC_View.swift */ = {isa = PBXFileReference; lastKnownFileType = sourcecode.swift; path = SJCC_View.swift; sourceTree = "<group>"; };
		7833E8B02EDACA56004D188F /* Society Game.xcodeproj */ = {isa = PBXFileReference; lastKnownFileType = "wrapper.pb-project"; path = "Society Game.xcodeproj"; sourceTree = "<group>"; };
		7833E8B62EDACA56004D188F /* Society_Game.entitlements */ = {isa = PBXFileReference; lastKnownFileType = text.plist.entitlements; path = Society_Game.entitlements; sourceTree = "<group>"; };
		7833E8B72EDACA56004D188F /* Society_Main.swift */ = {isa = PBXFileReference; lastKnownFileType = sourcecode.swift; path = Society_Main.swift; sourceTree = "<group>"; };
		7833E8B82EDACA56004D188F /* Society_Panel.swift */ = {isa = PBXFileReference; lastKnownFileType = sourcecode.swift; path = Society_Panel.swift; sourceTree = "<group>"; };
		7833E8B92EDACA56004D188F /* Society_Promises_View.swift */ = {isa = PBXFileReference; lastKnownFileType = sourcecode.swift; path = Society_Promises_View.swift; sourceTree = "<group>"; };
		7833E8BA2EDACA56004D188F /* Society_Propose_Promise.swift */ = {isa = PBXFileReference; lastKnownFileType = sourcecode.swift; path = Society_Propose_Promise.swift; sourceTree = "<group>"; };
		7833E8BB2EDACA56004D188F /* Society_Rally_View.swift */ = {isa = PBXFileReference; lastKnownFileType = sourcecode.swift; path = Society_Rally_View.swift; sourceTree = "<group>"; };
		7833E8BC2EDACA56004D188F /* Society_Summary_Phase.swift */ = {isa = PBXFileReference; lastKnownFileType = sourcecode.swift; path = Society_Summary_Phase.swift; sourceTree = "<group>"; };
		7833E8BD2EDACA56004D188F /* Society_Variables.swift */ = {isa = PBXFileReference; lastKnownFileType = sourcecode.swift; path = Society_Variables.swift; sourceTree = "<group>"; };
		7833E8BE2EDACA56004D188F /* Society_Voting_Phase.swift */ = {isa = PBXFileReference; lastKnownFileType = sourcecode.swift; path = Society_Voting_Phase.swift; sourceTree = "<group>"; };
		7833E8BF2EDACA56004D188F /* Transportation_View.swift */ = {isa = PBXFileReference; lastKnownFileType = sourcecode.swift; path = Transportation_View.swift; sourceTree = "<group>"; };
		7833E8C02EDACA56004D188F /* Treasury_View.swift */ = {isa = PBXFileReference; lastKnownFileType = sourcecode.swift; path = Treasury_View.swift; sourceTree = "<group>"; };
		7833E8C12EDACA56004D188F /* Untitled.swift */ = {isa = PBXFileReference; lastKnownFileType = sourcecode.swift; path = Untitled.swift; sourceTree = "<group>"; };
		78925E682E8913DD002C84F3 /* Society Game.app */ = {isa = PBXFileReference; explicitFileType = wrapper.application; includeInIndex = 0; path = "Society Game.app"; sourceTree = BUILT_PRODUCTS_DIR; };
		78925E762E8913DE002C84F3 /* Society GameTests.xctest */ = {isa = PBXFileReference; explicitFileType = wrapper.cfbundle; includeInIndex = 0; path = "Society GameTests.xctest"; sourceTree = BUILT_PRODUCTS_DIR; };
		78925E802E8913DE002C84F3 /* Society GameUITests.xctest */ = {isa = PBXFileReference; explicitFileType = wrapper.cfbundle; includeInIndex = 0; path = "Society GameUITests.xctest"; sourceTree = BUILT_PRODUCTS_DIR; };
/* End PBXFileReference section */

/* Begin PBXFileSystemSynchronizedRootGroup section */
		7833E8F12EDACAB9004D188F /* society_backend */ = {
			isa = PBXFileSystemSynchronizedRootGroup;
			path = society_backend;
			sourceTree = "<group>";
		};
		7833E8FF2EDACFCF004D188F /* web_version_frontend */ = {
			isa = PBXFileSystemSynchronizedRootGroup;
			path = web_version_frontend;
			sourceTree = "<group>";
		};
/* End PBXFileSystemSynchronizedRootGroup section */

/* Begin PBXFrameworksBuildPhase section */
		78925E652E8913DD002C84F3 /* Frameworks */ = {
			isa = PBXFrameworksBuildPhase;
			buildActionMask = 2147483647;
			files = (
			);
			runOnlyForDeploymentPostprocessing = 0;
		};
		78925E732E8913DE002C84F3 /* Frameworks */ = {
			isa = PBXFrameworksBuildPhase;
			buildActionMask = 2147483647;
			files = (
			);
			runOnlyForDeploymentPostprocessing = 0;
		};
		78925E7D2E8913DE002C84F3 /* Frameworks */ = {
			isa = PBXFrameworksBuildPhase;
			buildActionMask = 2147483647;
			files = (
			);
			runOnlyForDeploymentPostprocessing = 0;
		};
/* End PBXFrameworksBuildPhase section */

/* Begin PBXGroup section */
		7833E8C22EDACA56004D188F /* Products */ = {
			isa = PBXGroup;
			name = Products;
			sourceTree = "<group>";
		};
		78925E5F2E8913DD002C84F3 = {
			isa = PBXGroup;
			children = (
				7833E8FF2EDACFCF004D188F /* web_version_frontend */,
				7833E8F12EDACAB9004D188F /* society_backend */,
				7833E88C2EDACA56004D188F /* Agriculture_View.swift */,
				7833E88D2EDACA56004D188F /* Assets.xcassets */,
				7833E88E2EDACA56004D188F /* CampaignCommOnly.swift */,
				7833E88F2EDACA56004D188F /* Campaigning_Phase.swift */,
				7833E8932EDACA56004D188F /* CommScreenRunning.swift */,
				7833E8942EDACA56004D188F /* Communications.swift */,
				7833E8952EDACA56004D188F /* Construction_View.swift */,
				7833E8962EDACA56004D188F /* ConstructionBuilding.swift */,
				7833E8972EDACA56004D188F /* ConstructionScreen.swift */,
				7833E8982EDACA56004D188F /* Education_View.swift */,
				7833E8992EDACA56004D188F /* ExecutiveOrders.swift */,
				7833E89A2EDACA56004D188F /* GAMERUNNING.swift */,
				7833E89B2EDACA56004D188F /* GameState.swift */,
				7833E89E2EDACA56004D188F /* HOMEview.swift */,
				7833E89F2EDACA56004D188F /* In_Game_Def.swift */,
				7833E8A02EDACA56004D188F /* In_Game_Manager.swift */,
				7833E8A12EDACA56004D188F /* Inbox.swift */,
				7833E8A82EDACA56004D188F /* Labor_View.swift */,
				7833E8A92EDACA56004D188F /* LOCALROOMsetup.swift */,
				7833E8AA2EDACA56004D188F /* Pres_View.swift */,
				7833E8AB2EDACA56004D188F /* Prez_Action_View.swift */,
				7833E8AC2EDACA56004D188F /* PROFILE.swift */,
				7833E8AD2EDACA56004D188F /* PubHealth_View.swift */,
				7833E8AE2EDACA56004D188F /* ResourceAllo_View.swift */,
				7833E8AF2EDACA56004D188F /* SJCC_View.swift */,
				7833E8B02EDACA56004D188F /* Society Game.xcodeproj */,
				7833E8B62EDACA56004D188F /* Society_Game.entitlements */,
				7833E8B72EDACA56004D188F /* Society_Main.swift */,
				7833E8B82EDACA56004D188F /* Society_Panel.swift */,
				7833E8B92EDACA56004D188F /* Society_Promises_View.swift */,
				7833E8BA2EDACA56004D188F /* Society_Propose_Promise.swift */,
				7833E8BB2EDACA56004D188F /* Society_Rally_View.swift */,
				7833E8BC2EDACA56004D188F /* Society_Summary_Phase.swift */,
				7833E8BD2EDACA56004D188F /* Society_Variables.swift */,
				7833E8BE2EDACA56004D188F /* Society_Voting_Phase.swift */,
				7833E8BF2EDACA56004D188F /* Transportation_View.swift */,
				7833E8C02EDACA56004D188F /* Treasury_View.swift */,
				7833E8C12EDACA56004D188F /* Untitled.swift */,
				78925E692E8913DD002C84F3 /* Products */,
			);
			sourceTree = "<group>";
		};
		78925E692E8913DD002C84F3 /* Products */ = {
			isa = PBXGroup;
			children = (
				78925E682E8913DD002C84F3 /* Society Game.app */,
				78925E762E8913DE002C84F3 /* Society GameTests.xctest */,
				78925E802E8913DE002C84F3 /* Society GameUITests.xctest */,
			);
			name = Products;
			sourceTree = "<group>";
		};
/* End PBXGroup section */

/* Begin PBXNativeTarget section */
		78925E672E8913DD002C84F3 /* Society Game */ = {
			isa = PBXNativeTarget;
			buildConfigurationList = 78925E8A2E8913DE002C84F3 /* Build configuration list for PBXNativeTarget "Society Game" */;
			buildPhases = (
				78925E642E8913DD002C84F3 /* Sources */,
				78925E652E8913DD002C84F3 /* Frameworks */,
				78925E662E8913DD002C84F3 /* Resources */,
			);
			buildRules = (
			);
			dependencies = (
			);
			fileSystemSynchronizedGroups = (
				7833E8F12EDACAB9004D188F /* society_backend */,
				7833E8FF2EDACFCF004D188F /* web_version_frontend */,
			);
			name = "Society Game";
			packageProductDependencies = (
			);
			productName = "Society Game";
			productReference = 78925E682E8913DD002C84F3 /* Society Game.app */;
			productType = "com.apple.product-type.application";
		};
		78925E752E8913DE002C84F3 /* Society GameTests */ = {
			isa = PBXNativeTarget;
			buildConfigurationList = 78925E8D2E8913DE002C84F3 /* Build configuration list for PBXNativeTarget "Society GameTests" */;
			buildPhases = (
				78925E722E8913DE002C84F3 /* Sources */,
				78925E732E8913DE002C84F3 /* Frameworks */,
				78925E742E8913DE002C84F3 /* Resources */,
			);
			buildRules = (
			);
			dependencies = (
				78925E782E8913DE002C84F3 /* PBXTargetDependency */,
			);
			name = "Society GameTests";
			packageProductDependencies = (
			);
			productName = "Society GameTests";
			productReference = 78925E762E8913DE002C84F3 /* Society GameTests.xctest */;
			productType = "com.apple.product-type.bundle.unit-test";
		};
		78925E7F2E8913DE002C84F3 /* Society GameUITests */ = {
			isa = PBXNativeTarget;
			buildConfigurationList = 78925E902E8913DE002C84F3 /* Build configuration list for PBXNativeTarget "Society GameUITests" */;
			buildPhases = (
				78925E7C2E8913DE002C84F3 /* Sources */,
				78925E7D2E8913DE002C84F3 /* Frameworks */,
				78925E7E2E8913DE002C84F3 /* Resources */,
			);
			buildRules = (
			);
			dependencies = (
				78925E822E8913DE002C84F3 /* PBXTargetDependency */,
			);
			name = "Society GameUITests";
			packageProductDependencies = (
			);
			productName = "Society GameUITests";
			productReference = 78925E802E8913DE002C84F3 /* Society GameUITests.xctest */;
			productType = "com.apple.product-type.bundle.ui-testing";
		};
/* End PBXNativeTarget section */

/* Begin PBXProject section */
		78925E602E8913DD002C84F3 /* Project object */ = {
			isa = PBXProject;
			attributes = {
				BuildIndependentTargetsInParallel = 1;
				LastSwiftUpdateCheck = 1640;
				LastUpgradeCheck = 1640;
				TargetAttributes = {
					78925E672E8913DD002C84F3 = {
						CreatedOnToolsVersion = 16.4;
					};
					78925E752E8913DE002C84F3 = {
						CreatedOnToolsVersion = 16.4;
						TestTargetID = 78925E672E8913DD002C84F3;
					};
					78925E7F2E8913DE002C84F3 = {
						CreatedOnToolsVersion = 16.4;
						TestTargetID = 78925E672E8913DD002C84F3;
					};
				};
			};
			buildConfigurationList = 78925E632E8913DD002C84F3 /* Build configuration list for PBXProject "Society Game" */;
			developmentRegion = en;
			hasScannedForEncodings = 0;
			knownRegions = (
				en,
				Base,
			);
			mainGroup = 78925E5F2E8913DD002C84F3;
			minimizedProjectReferenceProxies = 1;
			preferredProjectObjectVersion = 77;
			productRefGroup = 78925E692E8913DD002C84F3 /* Products */;
			projectDirPath = "";
			projectReferences = (
				{
					ProductGroup = 7833E8C22EDACA56004D188F /* Products */;
					ProjectRef = 7833E8B02EDACA56004D188F /* Society Game.xcodeproj */;
				},
			);
			projectRoot = "";
			targets = (
				78925E672E8913DD002C84F3 /* Society Game */,
				78925E752E8913DE002C84F3 /* Society GameTests */,
				78925E7F2E8913DE002C84F3 /* Society GameUITests */,
			);
		};
/* End PBXProject section */

/* Begin PBXResourcesBuildPhase section */
		78925E662E8913DD002C84F3 /* Resources */ = {
			isa = PBXResourcesBuildPhase;
			buildActionMask = 2147483647;
			files = (
				7833E8ED2EDACA56004D188F /* Assets.xcassets in Resources */,
			);
			runOnlyForDeploymentPostprocessing = 0;
		};
		78925E742E8913DE002C84F3 /* Resources */ = {
			isa = PBXResourcesBuildPhase;
			buildActionMask = 2147483647;
			files = (
			);
			runOnlyForDeploymentPostprocessing = 0;
		};
		78925E7E2E8913DE002C84F3 /* Resources */ = {
			isa = PBXResourcesBuildPhase;
			buildActionMask = 2147483647;
			files = (
			);
			runOnlyForDeploymentPostprocessing = 0;
		};
/* End PBXResourcesBuildPhase section */

/* Begin PBXSourcesBuildPhase section */
		78925E642E8913DD002C84F3 /* Sources */ = {
			isa = PBXSourcesBuildPhase;
			buildActionMask = 2147483647;
			files = (
				7833E8C42EDACA56004D188F /* GAMERUNNING.swift in Sources */,
				7833E8C52EDACA56004D188F /* Untitled.swift in Sources */,
				7833E8C62EDACA56004D188F /* SJCC_View.swift in Sources */,
				7833E8C72EDACA56004D188F /* Communications.swift in Sources */,
				7833E8C82EDACA56004D188F /* Society_Variables.swift in Sources */,
				7833E8C92EDACA56004D188F /* Society_Main.swift in Sources */,
				7833E8CA2EDACA56004D188F /* Prez_Action_View.swift in Sources */,
				7833E8CB2EDACA56004D188F /* In_Game_Manager.swift in Sources */,
				7833E8CD2EDACA56004D188F /* ExecutiveOrders.swift in Sources */,
				7833E8CE2EDACA56004D188F /* Education_View.swift in Sources */,
				7833E8CF2EDACA56004D188F /* Society_Propose_Promise.swift in Sources */,
				7833E8D02EDACA56004D188F /* PubHealth_View.swift in Sources */,
				7833E8D12EDACA56004D188F /* Society_Voting_Phase.swift in Sources */,
				7833E8D22EDACA56004D188F /* Society_Promises_View.swift in Sources */,
				7833E8D32EDACA56004D188F /* ConstructionScreen.swift in Sources */,
				7833E8D42EDACA56004D188F /* Construction_View.swift in Sources */,
				7833E8D52EDACA56004D188F /* Agriculture_View.swift in Sources */,
				7833E8D62EDACA56004D188F /* Inbox.swift in Sources */,
				7833E8D82EDACA56004D188F /* ConstructionBuilding.swift in Sources */,
				7833E8D92EDACA56004D188F /* Transportation_View.swift in Sources */,
				7833E8DA2EDACA56004D188F /* Society_Panel.swift in Sources */,
				7833E8DB2EDACA56004D188F /* CommScreenRunning.swift in Sources */,
				7833E8DC2EDACA56004D188F /* Society_Summary_Phase.swift in Sources */,
				7833E8DD2EDACA56004D188F /* Campaigning_Phase.swift in Sources */,
				7833E8DE2EDACA56004D188F /* Pres_View.swift in Sources */,
				7833E8DF2EDACA56004D188F /* LOCALROOMsetup.swift in Sources */,
				7833E8E02EDACA56004D188F /* GameState.swift in Sources */,
				7833E8E12EDACA56004D188F /* PROFILE.swift in Sources */,
				7833E8E22EDACA56004D188F /* Labor_View.swift in Sources */,
				7833E8E32EDACA56004D188F /* Treasury_View.swift in Sources */,
				7833E8E42EDACA56004D188F /* HOMEview.swift in Sources */,
				7833E8E52EDACA56004D188F /* CampaignCommOnly.swift in Sources */,
				7833E8E62EDACA56004D188F /* In_Game_Def.swift in Sources */,
				7833E8E72EDACA56004D188F /* Society_Rally_View.swift in Sources */,
				7833E8E92EDACA56004D188F /* ResourceAllo_View.swift in Sources */,
			);
			runOnlyForDeploymentPostprocessing = 0;
		};
		78925E722E8913DE002C84F3 /* Sources */ = {
			isa = PBXSourcesBuildPhase;
			buildActionMask = 2147483647;
			files = (
			);
			runOnlyForDeploymentPostprocessing = 0;
		};
		78925E7C2E8913DE002C84F3 /* Sources */ = {
			isa = PBXSourcesBuildPhase;
			buildActionMask = 2147483647;
			files = (
			);
			runOnlyForDeploymentPostprocessing = 0;
		};
/* End PBXSourcesBuildPhase section */

/* Begin PBXTargetDependency section */
		78925E782E8913DE002C84F3 /* PBXTargetDependency */ = {
			isa = PBXTargetDependency;
			target = 78925E672E8913DD002C84F3 /* Society Game */;
			targetProxy = 78925E772E8913DE002C84F3 /* PBXContainerItemProxy */;
		};
		78925E822E8913DE002C84F3 /* PBXTargetDependency */ = {
			isa = PBXTargetDependency;
			target = 78925E672E8913DD002C84F3 /* Society Game */;
			targetProxy = 78925E812E8913DE002C84F3 /* PBXContainerItemProxy */;
		};
/* End PBXTargetDependency section */

/* Begin XCBuildConfiguration section */
		78925E882E8913DE002C84F3 /* Debug */ = {
			isa = XCBuildConfiguration;
			buildSettings = {
				ALWAYS_SEARCH_USER_PATHS = NO;
				ASSETCATALOG_COMPILER_GENERATE_SWIFT_ASSET_SYMBOL_EXTENSIONS = YES;
				CLANG_ANALYZER_NONNULL = YES;
				CLANG_ANALYZER_NUMBER_OBJECT_CONVERSION = YES_AGGRESSIVE;
				CLANG_CXX_LANGUAGE_STANDARD = "gnu++20";
				CLANG_ENABLE_MODULES = YES;
				CLANG_ENABLE_OBJC_ARC = YES;
				CLANG_ENABLE_OBJC_WEAK = YES;
				CLANG_WARN_BLOCK_CAPTURE_AUTORELEASING = YES;
				CLANG_WARN_BOOL_CONVERSION = YES;
				CLANG_WARN_COMMA = YES;
				CLANG_WARN_CONSTANT_CONVERSION = YES;
				CLANG_WARN_DEPRECATED_OBJC_IMPLEMENTATIONS = YES;
				CLANG_WARN_DIRECT_OBJC_ISA_USAGE = YES_ERROR;
				CLANG_WARN_DOCUMENTATION_COMMENTS = YES;
				CLANG_WARN_EMPTY_BODY = YES;
				CLANG_WARN_ENUM_CONVERSION = YES;
				CLANG_WARN_INFINITE_RECURSION = YES;
				CLANG_WARN_INT_CONVERSION = YES;
				CLANG_WARN_NON_LITERAL_NULL_CONVERSION = YES;
				CLANG_WARN_OBJC_IMPLICIT_RETAIN_SELF = YES;
				CLANG_WARN_OBJC_LITERAL_CONVERSION = YES;
				CLANG_WARN_OBJC_ROOT_CLASS = YES_ERROR;
				CLANG_WARN_QUOTED_INCLUDE_IN_FRAMEWORK_HEADER = YES;
				CLANG_WARN_RANGE_LOOP_ANALYSIS = YES;
				CLANG_WARN_STRICT_PROTOTYPES = YES;
				CLANG_WARN_SUSPICIOUS_MOVE = YES;
				CLANG_WARN_UNGUARDED_AVAILABILITY = YES_AGGRESSIVE;
				CLANG_WARN_UNREACHABLE_CODE = YES;
				CLANG_WARN__DUPLICATE_METHOD_MATCH = YES;
				COPY_PHASE_STRIP = NO;
				DEBUG_INFORMATION_FORMAT = dwarf;
				ENABLE_STRICT_OBJC_MSGSEND = YES;
				ENABLE_TESTABILITY = YES;
				ENABLE_USER_SCRIPT_SANDBOXING = YES;
				GCC_C_LANGUAGE_STANDARD = gnu17;
				GCC_DYNAMIC_NO_PIC = NO;
				GCC_NO_COMMON_BLOCKS = YES;
				GCC_OPTIMIZATION_LEVEL = 0;
				GCC_PREPROCESSOR_DEFINITIONS = (
					"DEBUG=1",
					"$(inherited)",
				);
				GCC_WARN_64_TO_32_BIT_CONVERSION = YES;
				GCC_WARN_ABOUT_RETURN_TYPE = YES_ERROR;
				GCC_WARN_UNDECLARED_SELECTOR = YES;
				GCC_WARN_UNINITIALIZED_AUTOS = YES_AGGRESSIVE;
				GCC_WARN_UNUSED_FUNCTION = YES;
				GCC_WARN_UNUSED_VARIABLE = YES;
				LOCALIZATION_PREFERS_STRING_CATALOGS = YES;
				MTL_ENABLE_DEBUG_INFO = INCLUDE_SOURCE;
				MTL_FAST_MATH = YES;
				ONLY_ACTIVE_ARCH = YES;
				SWIFT_ACTIVE_COMPILATION_CONDITIONS = "DEBUG $(inherited)";
				SWIFT_OPTIMIZATION_LEVEL = "-Onone";
			};
			name = Debug;
		};
		78925E892E8913DE002C84F3 /* Release */ = {
			isa = XCBuildConfiguration;
			buildSettings = {
				ALWAYS_SEARCH_USER_PATHS = NO;
				ASSETCATALOG_COMPILER_GENERATE_SWIFT_ASSET_SYMBOL_EXTENSIONS = YES;
				CLANG_ANALYZER_NONNULL = YES;
				CLANG_ANALYZER_NUMBER_OBJECT_CONVERSION = YES_AGGRESSIVE;
				CLANG_CXX_LANGUAGE_STANDARD = "gnu++20";
				CLANG_ENABLE_MODULES = YES;
				CLANG_ENABLE_OBJC_ARC = YES;
				CLANG_ENABLE_OBJC_WEAK = YES;
				CLANG_WARN_BLOCK_CAPTURE_AUTORELEASING = YES;
				CLANG_WARN_BOOL_CONVERSION = YES;
				CLANG_WARN_COMMA = YES;
				CLANG_WARN_CONSTANT_CONVERSION = YES;
				CLANG_WARN_DEPRECATED_OBJC_IMPLEMENTATIONS = YES;
				CLANG_WARN_DIRECT_OBJC_ISA_USAGE = YES_ERROR;
				CLANG_WARN_DOCUMENTATION_COMMENTS = YES;
				CLANG_WARN_EMPTY_BODY = YES;
				CLANG_WARN_ENUM_CONVERSION = YES;
				CLANG_WARN_INFINITE_RECURSION = YES;
				CLANG_WARN_INT_CONVERSION = YES;
				CLANG_WARN_NON_LITERAL_NULL_CONVERSION = YES;
				CLANG_WARN_OBJC_IMPLICIT_RETAIN_SELF = YES;
				CLANG_WARN_OBJC_LITERAL_CONVERSION = YES;
				CLANG_WARN_OBJC_ROOT_CLASS = YES_ERROR;
				CLANG_WARN_QUOTED_INCLUDE_IN_FRAMEWORK_HEADER = YES;
				CLANG_WARN_RANGE_LOOP_ANALYSIS = YES;
				CLANG_WARN_STRICT_PROTOTYPES = YES;
				CLANG_WARN_SUSPICIOUS_MOVE = YES;
				CLANG_WARN_UNGUARDED_AVAILABILITY = YES_AGGRESSIVE;
				CLANG_WARN_UNREACHABLE_CODE = YES;
				CLANG_WARN__DUPLICATE_METHOD_MATCH = YES;
				COPY_PHASE_STRIP = NO;
				DEBUG_INFORMATION_FORMAT = "dwarf-with-dsym";
				ENABLE_NS_ASSERTIONS = NO;
				ENABLE_STRICT_OBJC_MSGSEND = YES;
				ENABLE_USER_SCRIPT_SANDBOXING = YES;
				GCC_C_LANGUAGE_STANDARD = gnu17;
				GCC_NO_COMMON_BLOCKS = YES;
				GCC_WARN_64_TO_32_BIT_CONVERSION = YES;
				GCC_WARN_ABOUT_RETURN_TYPE = YES_ERROR;
				GCC_WARN_UNDECLARED_SELECTOR = YES;
				GCC_WARN_UNINITIALIZED_AUTOS = YES_AGGRESSIVE;
				GCC_WARN_UNUSED_FUNCTION = YES;
				GCC_WARN_UNUSED_VARIABLE = YES;
				LOCALIZATION_PREFERS_STRING_CATALOGS = YES;
				MTL_ENABLE_DEBUG_INFO = NO;
				MTL_FAST_MATH = YES;
				SWIFT_COMPILATION_MODE = wholemodule;
			};
			name = Release;
		};
		78925E8B2E8913DE002C84F3 /* Debug */ = {
			isa = XCBuildConfiguration;
			buildSettings = {
				ASSETCATALOG_COMPILER_APPICON_NAME = AppIcon;
				ASSETCATALOG_COMPILER_GLOBAL_ACCENT_COLOR_NAME = AccentColor;
				CODE_SIGN_ENTITLEMENTS = Society_Game.entitlements;
				CODE_SIGN_STYLE = Automatic;
				CURRENT_PROJECT_VERSION = 1;
				ENABLE_PREVIEWS = YES;
				GENERATE_INFOPLIST_FILE = YES;
				"INFOPLIST_KEY_UIApplicationSceneManifest_Generation[sdk=iphoneos*]" = YES;
				"INFOPLIST_KEY_UIApplicationSceneManifest_Generation[sdk=iphonesimulator*]" = YES;
				"INFOPLIST_KEY_UIApplicationSupportsIndirectInputEvents[sdk=iphoneos*]" = YES;
				"INFOPLIST_KEY_UIApplicationSupportsIndirectInputEvents[sdk=iphonesimulator*]" = YES;
				"INFOPLIST_KEY_UILaunchScreen_Generation[sdk=iphoneos*]" = YES;
				"INFOPLIST_KEY_UILaunchScreen_Generation[sdk=iphonesimulator*]" = YES;
				"INFOPLIST_KEY_UIStatusBarStyle[sdk=iphoneos*]" = UIStatusBarStyleDefault;
				"INFOPLIST_KEY_UIStatusBarStyle[sdk=iphonesimulator*]" = UIStatusBarStyleDefault;
				INFOPLIST_KEY_UISupportedInterfaceOrientations_iPad = "UIInterfaceOrientationPortrait UIInterfaceOrientationPortraitUpsideDown UIInterfaceOrientationLandscapeLeft UIInterfaceOrientationLandscapeRight";
				INFOPLIST_KEY_UISupportedInterfaceOrientations_iPhone = "UIInterfaceOrientationPortrait UIInterfaceOrientationLandscapeLeft UIInterfaceOrientationLandscapeRight";
				IPHONEOS_DEPLOYMENT_TARGET = 18.5;
				LD_RUNPATH_SEARCH_PATHS = "@executable_path/Frameworks";
				"LD_RUNPATH_SEARCH_PATHS[sdk=macosx*]" = "@executable_path/../Frameworks";
				MACOSX_DEPLOYMENT_TARGET = 15.3;
				MARKETING_VERSION = 1.0;
				PRODUCT_BUNDLE_IDENTIFIER = "jeffreyzheng.Society-Game";
				PRODUCT_NAME = "$(TARGET_NAME)";
				REGISTER_APP_GROUPS = YES;
				SDKROOT = auto;
				SUPPORTED_PLATFORMS = "iphoneos iphonesimulator macosx xros xrsimulator";
				SWIFT_EMIT_LOC_STRINGS = YES;
				SWIFT_VERSION = 5.0;
				TARGETED_DEVICE_FAMILY = "1,2,7";
				XROS_DEPLOYMENT_TARGET = 2.5;
			};
			name = Debug;
		};
		78925E8C2E8913DE002C84F3 /* Release */ = {
			isa = XCBuildConfiguration;
			buildSettings = {
				ASSETCATALOG_COMPILER_APPICON_NAME = AppIcon;
				ASSETCATALOG_COMPILER_GLOBAL_ACCENT_COLOR_NAME = AccentColor;
				CODE_SIGN_ENTITLEMENTS = Society_Game.entitlements;
				CODE_SIGN_STYLE = Automatic;
				CURRENT_PROJECT_VERSION = 1;
				ENABLE_PREVIEWS = YES;
				GENERATE_INFOPLIST_FILE = YES;
				"INFOPLIST_KEY_UIApplicationSceneManifest_Generation[sdk=iphoneos*]" = YES;
				"INFOPLIST_KEY_UIApplicationSceneManifest_Generation[sdk=iphonesimulator*]" = YES;
				"INFOPLIST_KEY_UIApplicationSupportsIndirectInputEvents[sdk=iphoneos*]" = YES;
				"INFOPLIST_KEY_UIApplicationSupportsIndirectInputEvents[sdk=iphonesimulator*]" = YES;
				"INFOPLIST_KEY_UILaunchScreen_Generation[sdk=iphoneos*]" = YES;
				"INFOPLIST_KEY_UILaunchScreen_Generation[sdk=iphonesimulator*]" = YES;
				"INFOPLIST_KEY_UIStatusBarStyle[sdk=iphoneos*]" = UIStatusBarStyleDefault;
				"INFOPLIST_KEY_UIStatusBarStyle[sdk=iphonesimulator*]" = UIStatusBarStyleDefault;
				INFOPLIST_KEY_UISupportedInterfaceOrientations_iPad = "UIInterfaceOrientationPortrait UIInterfaceOrientationPortraitUpsideDown UIInterfaceOrientationLandscapeLeft UIInterfaceOrientationLandscapeRight";
				INFOPLIST_KEY_UISupportedInterfaceOrientations_iPhone = "UIInterfaceOrientationPortrait UIInterfaceOrientationLandscapeLeft UIInterfaceOrientationLandscapeRight";
				IPHONEOS_DEPLOYMENT_TARGET = 18.5;
				LD_RUNPATH_SEARCH_PATHS = "@executable_path/Frameworks";
				"LD_RUNPATH_SEARCH_PATHS[sdk=macosx*]" = "@executable_path/../Frameworks";
				MACOSX_DEPLOYMENT_TARGET = 15.3;
				MARKETING_VERSION = 1.0;
				PRODUCT_BUNDLE_IDENTIFIER = "jeffreyzheng.Society-Game";
				PRODUCT_NAME = "$(TARGET_NAME)";
				REGISTER_APP_GROUPS = YES;
				SDKROOT = auto;
				SUPPORTED_PLATFORMS = "iphoneos iphonesimulator macosx xros xrsimulator";
				SWIFT_EMIT_LOC_STRINGS = YES;
				SWIFT_VERSION = 5.0;
				TARGETED_DEVICE_FAMILY = "1,2,7";
				XROS_DEPLOYMENT_TARGET = 2.5;
			};
			name = Release;
		};
		78925E8E2E8913DE002C84F3 /* Debug */ = {
			isa = XCBuildConfiguration;
			buildSettings = {
				BUNDLE_LOADER = "$(TEST_HOST)";
				CODE_SIGN_STYLE = Automatic;
				CURRENT_PROJECT_VERSION = 1;
				GENERATE_INFOPLIST_FILE = YES;
				IPHONEOS_DEPLOYMENT_TARGET = 18.5;
				MACOSX_DEPLOYMENT_TARGET = 15.3;
				MARKETING_VERSION = 1.0;
				PRODUCT_BUNDLE_IDENTIFIER = "jeffreyzheng.Society-GameTests";
				PRODUCT_NAME = "$(TARGET_NAME)";
				SDKROOT = auto;
				SUPPORTED_PLATFORMS = "iphoneos iphonesimulator macosx xros xrsimulator";
				SWIFT_EMIT_LOC_STRINGS = NO;
				SWIFT_VERSION = 5.0;
				TARGETED_DEVICE_FAMILY = "1,2,7";
				TEST_HOST = "$(BUILT_PRODUCTS_DIR)/Society Game.app/$(BUNDLE_EXECUTABLE_FOLDER_PATH)/Society Game";
				XROS_DEPLOYMENT_TARGET = 2.5;
			};
			name = Debug;
		};
		78925E8F2E8913DE002C84F3 /* Release */ = {
			isa = XCBuildConfiguration;
			buildSettings = {
				BUNDLE_LOADER = "$(TEST_HOST)";
				CODE_SIGN_STYLE = Automatic;
				CURRENT_PROJECT_VERSION = 1;
				GENERATE_INFOPLIST_FILE = YES;
				IPHONEOS_DEPLOYMENT_TARGET = 18.5;
				MACOSX_DEPLOYMENT_TARGET = 15.3;
				MARKETING_VERSION = 1.0;
				PRODUCT_BUNDLE_IDENTIFIER = "jeffreyzheng.Society-GameTests";
				PRODUCT_NAME = "$(TARGET_NAME)";
				SDKROOT = auto;
				SUPPORTED_PLATFORMS = "iphoneos iphonesimulator macosx xros xrsimulator";
				SWIFT_EMIT_LOC_STRINGS = NO;
				SWIFT_VERSION = 5.0;
				TARGETED_DEVICE_FAMILY = "1,2,7";
				TEST_HOST = "$(BUILT_PRODUCTS_DIR)/Society Game.app/$(BUNDLE_EXECUTABLE_FOLDER_PATH)/Society Game";
				XROS_DEPLOYMENT_TARGET = 2.5;
			};
			name = Release;
		};
		78925E912E8913DE002C84F3 /* Debug */ = {
			isa = XCBuildConfiguration;
			buildSettings = {
				CODE_SIGN_STYLE = Automatic;
				CURRENT_PROJECT_VERSION = 1;
				GENERATE_INFOPLIST_FILE = YES;
				IPHONEOS_DEPLOYMENT_TARGET = 18.5;
				MACOSX_DEPLOYMENT_TARGET = 15.3;
				MARKETING_VERSION = 1.0;
				PRODUCT_BUNDLE_IDENTIFIER = "jeffreyzheng.Society-GameUITests";
				PRODUCT_NAME = "$(TARGET_NAME)";
				SDKROOT = auto;
				SUPPORTED_PLATFORMS = "iphoneos iphonesimulator macosx xros xrsimulator";
				SWIFT_EMIT_LOC_STRINGS = NO;
				SWIFT_VERSION = 5.0;
				TARGETED_DEVICE_FAMILY = "1,2,7";
				TEST_TARGET_NAME = "Society Game";
				XROS_DEPLOYMENT_TARGET = 2.5;
			};
			name = Debug;
		};
		78925E922E8913DE002C84F3 /* Release */ = {
			isa = XCBuildConfiguration;
			buildSettings = {
				CODE_SIGN_STYLE = Automatic;
				CURRENT_PROJECT_VERSION = 1;
				GENERATE_INFOPLIST_FILE = YES;
				IPHONEOS_DEPLOYMENT_TARGET = 18.5;
				MACOSX_DEPLOYMENT_TARGET = 15.3;
				MARKETING_VERSION = 1.0;
				PRODUCT_BUNDLE_IDENTIFIER = "jeffreyzheng.Society-GameUITests";
				PRODUCT_NAME = "$(TARGET_NAME)";
				SDKROOT = auto;
				SUPPORTED_PLATFORMS = "iphoneos iphonesimulator macosx xros xrsimulator";
				SWIFT_EMIT_LOC_STRINGS = NO;
				SWIFT_VERSION = 5.0;
				TARGETED_DEVICE_FAMILY = "1,2,7";
				TEST_TARGET_NAME = "Society Game";
				XROS_DEPLOYMENT_TARGET = 2.5;
			};
			name = Release;
		};
/* End XCBuildConfiguration section */

/* Begin XCConfigurationList section */
		78925E632E8913DD002C84F3 /* Build configuration list for PBXProject "Society Game" */ = {
			isa = XCConfigurationList;
			buildConfigurations = (
				78925E882E8913DE002C84F3 /* Debug */,
				78925E892E8913DE002C84F3 /* Release */,
			);
			defaultConfigurationIsVisible = 0;
			defaultConfigurationName = Release;
		};
		78925E8A2E8913DE002C84F3 /* Build configuration list for PBXNativeTarget "Society Game" */ = {
			isa = XCConfigurationList;
			buildConfigurations = (
				78925E8B2E8913DE002C84F3 /* Debug */,
				78925E8C2E8913DE002C84F3 /* Release */,
			);
			defaultConfigurationIsVisible = 0;
			defaultConfigurationName = Release;
		};
		78925E8D2E8913DE002C84F3 /* Build configuration list for PBXNativeTarget "Society GameTests" */ = {
			isa = XCConfigurationList;
			buildConfigurations = (
				78925E8E2E8913DE002C84F3 /* Debug */,
				78925E8F2E8913DE002C84F3 /* Release */,
			);
			defaultConfigurationIsVisible = 0;
			defaultConfigurationName = Release;
		};
		78925E902E8913DE002C84F3 /* Build configuration list for PBXNativeTarget "Society GameUITests" */ = {
			isa = XCConfigurationList;
			buildConfigurations = (
				78925E912E8913DE002C84F3 /* Debug */,
				78925E922E8913DE002C84F3 /* Release */,
			);
			defaultConfigurationIsVisible = 0;
			defaultConfigurationName = Release;
		};
/* End XCConfigurationList section */
	};
	rootObject = 78925E602E8913DD002C84F3 /* Project object */;
}
